
Microsoft Visual Studio Solution File, Format Version 12.00
# Visual Studio Version 17
VisualStudioVersion = 17.1.32328.378
MinimumVisualStudioVersion = 10.0.40219.1
Project("{8BC9CEB8-8B4A-11D0-8D11-00A0C91BC942}") = "Basic08", "Basic08\Basic08.vcxproj", "{7FCFB93F-28B9-47B7-9911-31D457522A35}"
EndProject
Global
	GlobalSection(SolutionConfigurationPlatforms) = preSolution
		Debug|x64 = Debug|x64
		Debug|x86 = Debug|x86
		Release|x64 = Release|x64
		Release|x86 = Release|x86
	EndGlobalSection
	GlobalSection(ProjectConfigurationPlatforms) = postSolution
		{7FCFB93F-28B9-47B7-9911-31D457522A35}.Debug|x64.ActiveCfg = Debug|x64
		{7FCFB93F-28B9-47B7-9911-31D457522A35}.Debug|x64.Build.0 = Debug|x64
		{7FCFB93F-28B9-47B7-9911-31D457522A35}.Debug|x86.ActiveCfg = Debug|Win32
		{7FCFB93F-28B9-47B7-9911-31D457522A35}.Debug|x86.Build.0 = Debug|Win32
		{7FCFB93F-28B9-47B7-9911-31D457522A35}.Release|x64.ActiveCfg = Release|x64
		{7FCFB93F-28B9-47B7-9911-31D457522A35}.Release|x64.Build.0 = Release|x64
		{7FCFB93F-28B9-47B7-9911-31D457522A35}.Release|x86.ActiveCfg = Release|Win32
		{7FCFB93F-28B9-47B7-9911-31D457522A35}.Release|x86.Build.0 = Release|Win32
	EndGlobalSection
	GlobalSection(SolutionProperties) = preSolution
		HideSolutionNode = FALSE
	EndGlobalSection
	GlobalSection(ExtensibilityGlobals) = postSolution
		SolutionGuid = {BAD0FBBD-688C-4C4C-8122-112C67C50535}
	EndGlobalSection
EndGlobal
